
Microsoft Visual Studio Solution File, Format Version 12.00
# Visual Studio Version 16
VisualStudioVersion = 25.0.1706.0
MinimumVisualStudioVersion = 10.0.40219.1
Project("{FAE04EC0-301F-11D3-BF4B-00C04F79EFBC}") = "LibraryTestAppMaui.Android", "LibraryTestAppMaui\LibraryTestAppMaui.Android\LibraryTestAppMaui.Android.csproj", "{9C66D0D7-5BCA-483B-B0B8-B331F89C3CE5}"
EndProject
Project("{FAE04EC0-301F-11D3-BF4B-00C04F79EFBC}") = "LibraryTestAppMaui", "LibraryTestAppMaui\LibraryTestAppMaui\LibraryTestAppMaui.csproj", "{B3537293-E8A6-456E-819F-4EBBCED95EB0}"
EndProject
Project("{FAE04EC0-301F-11D3-BF4B-00C04F79EFBC}") = "LibraryTestAppMaui.iOS", "LibraryTestAppMaui\LibraryTestAppMaui.iOS\LibraryTestAppMaui.iOS.csproj", "{0C7D40FB-F422-4831-9494-3C50F11DC6FD}"
EndProject
Global
	GlobalSection(SolutionConfigurationPlatforms) = preSolution
		Debug|Any CPU = Debug|Any CPU
		Release|Any CPU = Release|Any CPU
		Debug|iPhoneSimulator = Debug|iPhoneSimulator
		Release|iPhoneSimulator = Release|iPhoneSimulator
		Debug|iPhone = Debug|iPhone
		Release|iPhone = Release|iPhone
	EndGlobalSection
	GlobalSection(ProjectConfigurationPlatforms) = postSolution
		{9C66D0D7-5BCA-483B-B0B8-B331F89C3CE5}.Debug|Any CPU.ActiveCfg = Debug|Any CPU
		{9C66D0D7-5BCA-483B-B0B8-B331F89C3CE5}.Debug|Any CPU.Build.0 = Debug|Any CPU
		{9C66D0D7-5BCA-483B-B0B8-B331F89C3CE5}.Release|Any CPU.ActiveCfg = Release|Any CPU
		{9C66D0D7-5BCA-483B-B0B8-B331F89C3CE5}.Release|Any CPU.Build.0 = Release|Any CPU
		{9C66D0D7-5BCA-483B-B0B8-B331F89C3CE5}.Debug|iPhoneSimulator.ActiveCfg = Debug|Any CPU
		{9C66D0D7-5BCA-483B-B0B8-B331F89C3CE5}.Debug|iPhoneSimulator.Build.0 = Debug|Any CPU
		{9C66D0D7-5BCA-483B-B0B8-B331F89C3CE5}.Release|iPhoneSimulator.ActiveCfg = Release|Any CPU
		{9C66D0D7-5BCA-483B-B0B8-B331F89C3CE5}.Release|iPhoneSimulator.Build.0 = Release|Any CPU
		{9C66D0D7-5BCA-483B-B0B8-B331F89C3CE5}.Debug|iPhone.ActiveCfg = Debug|Any CPU
		{9C66D0D7-5BCA-483B-B0B8-B331F89C3CE5}.Debug|iPhone.Build.0 = Debug|Any CPU
		{9C66D0D7-5BCA-483B-B0B8-B331F89C3CE5}.Release|iPhone.ActiveCfg = Release|Any CPU
		{9C66D0D7-5BCA-483B-B0B8-B331F89C3CE5}.Release|iPhone.Build.0 = Release|Any CPU
		{B3537293-E8A6-456E-819F-4EBBCED95EB0}.Debug|Any CPU.ActiveCfg = Debug|Any CPU
		{B3537293-E8A6-456E-819F-4EBBCED95EB0}.Debug|Any CPU.Build.0 = Debug|Any CPU
		{B3537293-E8A6-456E-819F-4EBBCED95EB0}.Release|Any CPU.ActiveCfg = Release|Any CPU
		{B3537293-E8A6-456E-819F-4EBBCED95EB0}.Release|Any CPU.Build.0 = Release|Any CPU
		{B3537293-E8A6-456E-819F-4EBBCED95EB0}.Debug|iPhoneSimulator.ActiveCfg = Debug|Any CPU
		{B3537293-E8A6-456E-819F-4EBBCED95EB0}.Debug|iPhoneSimulator.Build.0 = Debug|Any CPU
		{B3537293-E8A6-456E-819F-4EBBCED95EB0}.Release|iPhoneSimulator.ActiveCfg = Release|Any CPU
		{B3537293-E8A6-456E-819F-4EBBCED95EB0}.Release|iPhoneSimulator.Build.0 = Release|Any CPU
		{B3537293-E8A6-456E-819F-4EBBCED95EB0}.Debug|iPhone.ActiveCfg = Debug|Any CPU
		{B3537293-E8A6-456E-819F-4EBBCED95EB0}.Debug|iPhone.Build.0 = Debug|Any CPU
		{B3537293-E8A6-456E-819F-4EBBCED95EB0}.Release|iPhone.ActiveCfg = Release|Any CPU
		{B3537293-E8A6-456E-819F-4EBBCED95EB0}.Release|iPhone.Build.0 = Release|Any CPU
		{0C7D40FB-F422-4831-9494-3C50F11DC6FD}.Debug|iPhone.ActiveCfg = Debug|Any CPU
		{0C7D40FB-F422-4831-9494-3C50F11DC6FD}.Debug|iPhone.Build.0 = Debug|Any CPU
	EndGlobalSection
	GlobalSection(SolutionProperties) = preSolution
		HideSolutionNode = FALSE
	EndGlobalSection
	GlobalSection(ExtensibilityGlobals) = postSolution
		SolutionGuid = {2ECD63DB-41D8-437C-A1F5-B11DDDF35661}
	EndGlobalSection
EndGlobal
